
Microsoft Visual Studio Solution File, Format Version 12.00
# Visual Studio Version 17
VisualStudioVersion = 17.4.33205.214
MinimumVisualStudioVersion = 10.0.40219.1
Project("{FAE04EC0-301F-11D3-BF4B-00C04F79EFBC}") = "HIDInspector", "HIDInspector\HIDInspector.csproj", "{C3B7B68B-8C2C-45B6-A6E8-7F973B0A8CCA}"
EndProject
Global
	GlobalSection(SolutionConfigurationPlatforms) = preSolution
		Debug|Any CPU = Debug|Any CPU
		Release|Any CPU = Release|Any CPU
	EndGlobalSection
	GlobalSection(ProjectConfigurationPlatforms) = postSolution
		{C3B7B68B-8C2C-45B6-A6E8-7F973B0A8CCA}.Debug|Any CPU.ActiveCfg = Debug|Any CPU
		{C3B7B68B-8C2C-45B6-A6E8-7F973B0A8CCA}.Debug|Any CPU.Build.0 = Debug|Any CPU
		{C3B7B68B-8C2C-45B6-A6E8-7F973B0A8CCA}.Release|Any CPU.ActiveCfg = Release|Any CPU
		{C3B7B68B-8C2C-45B6-A6E8-7F973B0A8CCA}.Release|Any CPU.Build.0 = Release|Any CPU
	EndGlobalSection
	GlobalSection(SolutionProperties) = preSolution
		HideSolutionNode = FALSE
	EndGlobalSection
	GlobalSection(ExtensibilityGlobals) = postSolution
		SolutionGuid = {45D10B9E-0EEC-4048-B815-D44A0878F8DF}
	EndGlobalSection
EndGlobal
